
Microsoft Visual Studio Solution File, Format Version 12.00
# Visual Studio 2012
Project("{8BC9CEB8-8B4A-11D0-8D11-00A0C91BC942}") = "ARPool", "ARPool\ARPool.vcxproj", "{79FD48A9-5476-4EAE-985A-334A3CCB59DF}"
EndProject
Global
	GlobalSection(SolutionConfigurationPlatforms) = preSolution
		Debug|Win32 = Debug|Win32
		Release|Win32 = Release|Win32
	EndGlobalSection
	GlobalSection(ProjectConfigurationPlatforms) = postSolution
		{79FD48A9-5476-4EAE-985A-334A3CCB59DF}.Debug|Win32.ActiveCfg = Debug|Win32
		{79FD48A9-5476-4EAE-985A-334A3CCB59DF}.Debug|Win32.Build.0 = Debug|Win32
		{79FD48A9-5476-4EAE-985A-334A3CCB59DF}.Release|Win32.ActiveCfg = Release|Win32
		{79FD48A9-5476-4EAE-985A-334A3CCB59DF}.Release|Win32.Build.0 = Release|Win32
	EndGlobalSection
	GlobalSection(SolutionProperties) = preSolution
		HideSolutionNode = FALSE
	EndGlobalSection
EndGlobal
